<?xml version="1.0" encoding="utf-8"?>
<Project ToolsVersion="4.0" xmlns="http://schemas.microsoft.com/developer/msbuild/2003">
  <ItemGroup>
    <ClCompile Include="miniclass.cpp" />
    <ClCompile Include="device.cpp" />
    <ClCompile Include="wmi.cpp" />
    <ClCompile Include="driver.cpp" />
  </ItemGroup>
  <ItemGroup>
    <ResourceCompile Include="simbatt.rc" />
  </ItemGroup>
  <ItemGroup>
    <ClInclude Include="simbatt.h" />
    <ClInclude Include="simbattdriverif.h" />
    <ClInclude Include="wmi.h" />
  </ItemGroup>
  <ItemGroup>
    <Inf Include="simbatt.inx" />
  </ItemGroup>
</Project>